
Microsoft Visual Studio Solution File, Format Version 12.00
Project("{FAE04EC0-301F-11D3-BF4B-00C04F79EFBC}") = "Groupe6Job", "Groupe6Job\Groupe6Job.csproj", "{CB7CA7F7-092F-4868-8180-B250E7D0FBB1}"
EndProject
Global
	GlobalSection(SolutionConfigurationPlatforms) = preSolution
		Debug|Any CPU = Debug|Any CPU
		Release|Any CPU = Release|Any CPU
	EndGlobalSection
	GlobalSection(ProjectConfigurationPlatforms) = postSolution
		{CB7CA7F7-092F-4868-8180-B250E7D0FBB1}.Debug|Any CPU.ActiveCfg = Debug|Any CPU
		{CB7CA7F7-092F-4868-8180-B250E7D0FBB1}.Debug|Any CPU.Build.0 = Debug|Any CPU
		{CB7CA7F7-092F-4868-8180-B250E7D0FBB1}.Release|Any CPU.ActiveCfg = Release|Any CPU
		{CB7CA7F7-092F-4868-8180-B250E7D0FBB1}.Release|Any CPU.Build.0 = Release|Any CPU
	EndGlobalSection
EndGlobal
